
Microsoft Visual Studio Solution File, Format Version 12.00
# Visual Studio Version 17
VisualStudioVersion = 17.3.32825.248
MinimumVisualStudioVersion = 10.0.40219.1
Project("{FAE04EC0-301F-11D3-BF4B-00C04F79EFBC}") = "08. Pet Shop", "08. Pet Shop\08. Pet Shop.csproj", "{2E005B75-A3BE-482C-A5BB-D52C5DE8F7A7}"
EndProject
Global
	GlobalSection(SolutionConfigurationPlatforms) = preSolution
		Debug|Any CPU = Debug|Any CPU
		Release|Any CPU = Release|Any CPU
	EndGlobalSection
	GlobalSection(ProjectConfigurationPlatforms) = postSolution
		{2E005B75-A3BE-482C-A5BB-D52C5DE8F7A7}.Debug|Any CPU.ActiveCfg = Debug|Any CPU
		{2E005B75-A3BE-482C-A5BB-D52C5DE8F7A7}.Debug|Any CPU.Build.0 = Debug|Any CPU
		{2E005B75-A3BE-482C-A5BB-D52C5DE8F7A7}.Release|Any CPU.ActiveCfg = Release|Any CPU
		{2E005B75-A3BE-482C-A5BB-D52C5DE8F7A7}.Release|Any CPU.Build.0 = Release|Any CPU
	EndGlobalSection
	GlobalSection(SolutionProperties) = preSolution
		HideSolutionNode = FALSE
	EndGlobalSection
	GlobalSection(ExtensibilityGlobals) = postSolution
		SolutionGuid = {28BE137B-BDDE-4AF0-B87D-143C2BC0CFB0}
	EndGlobalSection
EndGlobal
